
Microsoft Visual Studio Solution File, Format Version 12.00
# Visual Studio 2012
Project("{FAE04EC0-301F-11D3-BF4B-00C04F79EFBC}") = "BaekJoon_1229", "BaekJoon_1229\BaekJoon_1229.csproj", "{7FA0B3AB-2232-4A3E-B3E6-0C28B9E2E70C}"
EndProject
Global
	GlobalSection(SolutionConfigurationPlatforms) = preSolution
		Debug|Any CPU = Debug|Any CPU
		Release|Any CPU = Release|Any CPU
	EndGlobalSection
	GlobalSection(ProjectConfigurationPlatforms) = postSolution
		{7FA0B3AB-2232-4A3E-B3E6-0C28B9E2E70C}.Debug|Any CPU.ActiveCfg = Debug|Any CPU
		{7FA0B3AB-2232-4A3E-B3E6-0C28B9E2E70C}.Debug|Any CPU.Build.0 = Debug|Any CPU
		{7FA0B3AB-2232-4A3E-B3E6-0C28B9E2E70C}.Release|Any CPU.ActiveCfg = Release|Any CPU
		{7FA0B3AB-2232-4A3E-B3E6-0C28B9E2E70C}.Release|Any CPU.Build.0 = Release|Any CPU
	EndGlobalSection
	GlobalSection(SolutionProperties) = preSolution
		HideSolutionNode = FALSE
	EndGlobalSection
EndGlobal
