
Microsoft Visual Studio Solution File, Format Version 12.00
# Visual Studio 2012
Project("{FAE04EC0-301F-11D3-BF4B-00C04F79EFBC}") = "Anonymous_Method_Tutorial", "Anonymous_Method_Tutorial\Anonymous_Method_Tutorial.csproj", "{DCCA865C-7A5F-46DB-86AA-7A373C9973CA}"
EndProject
Global
	GlobalSection(SolutionConfigurationPlatforms) = preSolution
		Debug|Any CPU = Debug|Any CPU
		Release|Any CPU = Release|Any CPU
	EndGlobalSection
	GlobalSection(ProjectConfigurationPlatforms) = postSolution
		{DCCA865C-7A5F-46DB-86AA-7A373C9973CA}.Debug|Any CPU.ActiveCfg = Debug|Any CPU
		{DCCA865C-7A5F-46DB-86AA-7A373C9973CA}.Debug|Any CPU.Build.0 = Debug|Any CPU
		{DCCA865C-7A5F-46DB-86AA-7A373C9973CA}.Release|Any CPU.ActiveCfg = Release|Any CPU
		{DCCA865C-7A5F-46DB-86AA-7A373C9973CA}.Release|Any CPU.Build.0 = Release|Any CPU
	EndGlobalSection
	GlobalSection(SolutionProperties) = preSolution
		HideSolutionNode = FALSE
	EndGlobalSection
EndGlobal
