
Microsoft Visual Studio Solution File, Format Version 12.00
# Visual Studio 2012
Project("{FAE04EC0-301F-11D3-BF4B-00C04F79EFBC}") = "MooChin_humans_Server", "MooChin_humans_Server\MooChin_humans_Server.csproj", "{52137FC5-C07A-4627-84E5-119EE6EAF738}"
EndProject
Global
	GlobalSection(SolutionConfigurationPlatforms) = preSolution
		Debug|Any CPU = Debug|Any CPU
		Release|Any CPU = Release|Any CPU
	EndGlobalSection
	GlobalSection(ProjectConfigurationPlatforms) = postSolution
		{52137FC5-C07A-4627-84E5-119EE6EAF738}.Debug|Any CPU.ActiveCfg = Debug|Any CPU
		{52137FC5-C07A-4627-84E5-119EE6EAF738}.Debug|Any CPU.Build.0 = Debug|Any CPU
		{52137FC5-C07A-4627-84E5-119EE6EAF738}.Release|Any CPU.ActiveCfg = Release|Any CPU
		{52137FC5-C07A-4627-84E5-119EE6EAF738}.Release|Any CPU.Build.0 = Release|Any CPU
	EndGlobalSection
	GlobalSection(SolutionProperties) = preSolution
		HideSolutionNode = FALSE
	EndGlobalSection
EndGlobal
